
Microsoft Visual Studio Solution File, Format Version 11.00
# Visual Studio 2010
Project("{FAE04EC0-301F-11D3-BF4B-00C04F79EFBC}") = "Assembly-CSharp", "Assembly-CSharp.csproj", "{EEC06205-6ADD-7269-2E4C-AAEF81672E46}"
EndProject
Project("{FAE04EC0-301F-11D3-BF4B-00C04F79EFBC}") = "Assembly-CSharp-Editor", "Assembly-CSharp-Editor.csproj", "{5D5AFD74-4E21-2ADC-C8A4-6148640EB881}"
EndProject
Global
	GlobalSection(SolutionConfigurationPlatforms) = preSolution
		Debug|Any CPU = Debug|Any CPU
		Release|Any CPU = Release|Any CPU
	EndGlobalSection
	GlobalSection(ProjectConfigurationPlatforms) = postSolution
		{EEC06205-6ADD-7269-2E4C-AAEF81672E46}.Debug|Any CPU.ActiveCfg = Debug|Any CPU
		{EEC06205-6ADD-7269-2E4C-AAEF81672E46}.Debug|Any CPU.Build.0 = Debug|Any CPU
		{EEC06205-6ADD-7269-2E4C-AAEF81672E46}.Release|Any CPU.ActiveCfg = Release|Any CPU
		{EEC06205-6ADD-7269-2E4C-AAEF81672E46}.Release|Any CPU.Build.0 = Release|Any CPU
		{5D5AFD74-4E21-2ADC-C8A4-6148640EB881}.Debug|Any CPU.ActiveCfg = Debug|Any CPU
		{5D5AFD74-4E21-2ADC-C8A4-6148640EB881}.Debug|Any CPU.Build.0 = Debug|Any CPU
		{5D5AFD74-4E21-2ADC-C8A4-6148640EB881}.Release|Any CPU.ActiveCfg = Release|Any CPU
		{5D5AFD74-4E21-2ADC-C8A4-6148640EB881}.Release|Any CPU.Build.0 = Release|Any CPU
	EndGlobalSection
	GlobalSection(SolutionProperties) = preSolution
		HideSolutionNode = FALSE
	EndGlobalSection
EndGlobal
